// !$*UTF8*$!
{
	archiveVersion = 1;
	classes = {
	};
	objectVersion = 50;
	objects = {

/* Begin PBXBuildFile section */
		6C50FE13252104DD00FEA26E /* AppDelegate.swift in Sources */ = {isa = PBXBuildFile; fileRef = 6C50FE12252104DD00FEA26E /* AppDelegate.swift */; };
		6C50FE15252104DD00FEA26E /* SceneDelegate.swift in Sources */ = {isa = PBXBuildFile; fileRef = 6C50FE14252104DD00FEA26E /* SceneDelegate.swift */; };
		6C50FE17252104DD00FEA26E /* ViewController.swift in Sources */ = {isa = PBXBuildFile; fileRef = 6C50FE16252104DD00FEA26E /* ViewController.swift */; };
		6C50FE1A252104DD00FEA26E /* Main.storyboard in Resources */ = {isa = PBXBuildFile; fileRef = 6C50FE18252104DD00FEA26E /* Main.storyboard */; };
		6C50FE1C252104DF00FEA26E /* Assets.xcassets in Resources */ = {isa = PBXBuildFile; fileRef = 6C50FE1B252104DF00FEA26E /* Assets.xcassets */; };
		6C50FE1F252104DF00FEA26E /* LaunchScreen.storyboard in Resources */ = {isa = PBXBuildFile; fileRef = 6C50FE1D252104DF00FEA26E /* LaunchScreen.storyboard */; };
		6C50FE2A252104DF00FEA26E /* flixTests.swift in Sources */ = {isa = PBXBuildFile; fileRef = 6C50FE29252104DF00FEA26E /* flixTests.swift */; };
		6C50FE35252104DF00FEA26E /* flixUITests.swift in Sources */ = {isa = PBXBuildFile; fileRef = 6C50FE34252104DF00FEA26E /* flixUITests.swift */; };
/* End PBXBuildFile section */

/* Begin PBXContainerItemProxy section */
		6C50FE26252104DF00FEA26E /* PBXContainerItemProxy */ = {
			isa = PBXContainerItemProxy;
			containerPortal = 6C50FE07252104DD00FEA26E /* Project object */;
			proxyType = 1;
			remoteGlobalIDString = 6C50FE0E252104DD00FEA26E;
			remoteInfo = flix;
		};
		6C50FE31252104DF00FEA26E /* PBXContainerItemProxy */ = {
			isa = PBXContainerItemProxy;
			containerPortal = 6C50FE07252104DD00FEA26E /* Project object */;
			proxyType = 1;
			remoteGlobalIDString = 6C50FE0E252104DD00FEA26E;
			remoteInfo = flix;
		};
/* End PBXContainerItemProxy section */

/* Begin PBXFileReference section */
		6C50FE0F252104DD00FEA26E /* flix.app */ = {isa = PBXFileReference; explicitFileType = wrapper.application; includeInIndex = 0; path = flix.app; sourceTree = BUILT_PRODUCTS_DIR; };
		6C50FE12252104DD00FEA26E /* AppDelegate.swift */ = {isa = PBXFileReference; lastKnownFileType = sourcecode.swift; path = AppDelegate.swift; sourceTree = "<group>"; };
		6C50FE14252104DD00FEA26E /* SceneDelegate.swift */ = {isa = PBXFileReference; lastKnownFileType = sourcecode.swift; path = SceneDelegate.swift; sourceTree = "<group>"; };
		6C50FE16252104DD00FEA26E /* ViewController.swift */ = {isa = PBXFileReference; lastKnownFileType = sourcecode.swift; path = ViewController.swift; sourceTree = "<group>"; };
		6C50FE19252104DD00FEA26E /* Base */ = {isa = PBXFileReference; lastKnownFileType = file.storyboard; name = Base; path = Base.lproj/Main.storyboard; sourceTree = "<group>"; };
		6C50FE1B252104DF00FEA26E /* Assets.xcassets */ = {isa = PBXFileReference; lastKnownFileType = folder.assetcatalog; path = Assets.xcassets; sourceTree = "<group>"; };
		6C50FE1E252104DF00FEA26E /* Base */ = {isa = PBXFileReference; lastKnownFileType = file.storyboard; name = Base; path = Base.lproj/LaunchScreen.storyboard; sourceTree = "<group>"; };
		6C50FE20252104DF00FEA26E /* Info.plist */ = {isa = PBXFileReference; lastKnownFileType = text.plist.xml; path = Info.plist; sourceTree = "<group>"; };
		6C50FE25252104DF00FEA26E /* flixTests.xctest */ = {isa = PBXFileReference; explicitFileType = wrapper.cfbundle; includeInIndex = 0; path = flixTests.xctest; sourceTree = BUILT_PRODUCTS_DIR; };
		6C50FE29252104DF00FEA26E /* flixTests.swift */ = {isa = PBXFileReference; lastKnownFileType = sourcecode.swift; path = flixTests.swift; sourceTree = "<group>"; };
		6C50FE2B252104DF00FEA26E /* Info.plist */ = {isa = PBXFileReference; lastKnownFileType = text.plist.xml; path = Info.plist; sourceTree = "<group>"; };
		6C50FE30252104DF00FEA26E /* flixUITests.xctest */ = {isa = PBXFileReference; explicitFileType = wrapper.cfbundle; includeInIndex = 0; path = flixUITests.xctest; sourceTree = BUILT_PRODUCTS_DIR; };
		6C50FE34252104DF00FEA26E /* flixUITests.swift */ = {isa = PBXFileReference; lastKnownFileType = sourcecode.swift; path = flixUITests.swift; sourceTree = "<group>"; };
		6C50FE36252104DF00FEA26E /* Info.plist */ = {isa = PBXFileReference; lastKnownFileType = text.plist.xml; path = Info.plist; sourceTree = "<group>"; };
/* End PBXFileReference section */

/* Begin PBXFrameworksBuildPhase section */
		6C50FE0C252104DD00FEA26E /* Frameworks */ = {
			isa = PBXFrameworksBuildPhase;
			buildActionMask = 2147483647;
			files = (
			);
			runOnlyForDeploymentPostprocessing = 0;
		};
		6C50FE22252104DF00FEA26E /* Frameworks */ = {
			isa = PBXFrameworksBuildPhase;
			buildActionMask = 2147483647;
			files = (
			);
			runOnlyForDeploymentPostprocessing = 0;
		};
		6C50FE2D252104DF00FEA26E /* Frameworks */ = {
			isa = PBXFrameworksBuildPhase;
			buildActionMask = 2147483647;
			files = (
			);
			runOnlyForDeploymentPostprocessing = 0;
		};
/* End PBXFrameworksBuildPhase section */

/* Begin PBXGroup section */
		6C50FE06252104DD00FEA26E = {
			isa = PBXGroup;
			children = (
				6C50FE11252104DD00FEA26E /* flix */,
				6C50FE28252104DF00FEA26E /* flixTests */,
				6C50FE33252104DF00FEA26E /* flixUITests */,
				6C50FE10252104DD00FEA26E /* Products */,
			);
			sourceTree = "<group>";
		};
		6C50FE10252104DD00FEA26E /* Products */ = {
			isa = PBXGroup;
			children = (
				6C50FE0F252104DD00FEA26E /* flix.app */,
				6C50FE25252104DF00FEA26E /* flixTests.xctest */,
				6C50FE30252104DF00FEA26E /* flixUITests.xctest */,
			);
			name = Products;
			sourceTree = "<group>";
		};
		6C50FE11252104DD00FEA26E /* flix */ = {
			isa = PBXGroup;
			children = (
				6C50FE12252104DD00FEA26E /* AppDelegate.swift */,
				6C50FE14252104DD00FEA26E /* SceneDelegate.swift */,
				6C50FE16252104DD00FEA26E /* ViewController.swift */,
				6C50FE18252104DD00FEA26E /* Main.storyboard */,
				6C50FE1B252104DF00FEA26E /* Assets.xcassets */,
				6C50FE1D252104DF00FEA26E /* LaunchScreen.storyboard */,
				6C50FE20252104DF00FEA26E /* Info.plist */,
			);
			path = flix;
			sourceTree = "<group>";
		};
		6C50FE28252104DF00FEA26E /* flixTests */ = {
			isa = PBXGroup;
			children = (
				6C50FE29252104DF00FEA26E /* flixTests.swift */,
				6C50FE2B252104DF00FEA26E /* Info.plist */,
			);
			path = flixTests;
			sourceTree = "<group>";
		};
		6C50FE33252104DF00FEA26E /* flixUITests */ = {
			isa = PBXGroup;
			children = (
				6C50FE34252104DF00FEA26E /* flixUITests.swift */,
				6C50FE36252104DF00FEA26E /* Info.plist */,
			);
			path = flixUITests;
			sourceTree = "<group>";
		};
/* End PBXGroup section */

/* Begin PBXNativeTarget section */
		6C50FE0E252104DD00FEA26E /* flix */ = {
			isa = PBXNativeTarget;
			buildConfigurationList = 6C50FE39252104DF00FEA26E /* Build configuration list for PBXNativeTarget "flix" */;
			buildPhases = (
				6C50FE0B252104DD00FEA26E /* Sources */,
				6C50FE0C252104DD00FEA26E /* Frameworks */,
				6C50FE0D252104DD00FEA26E /* Resources */,
			);
			buildRules = (
			);
			dependencies = (
			);
			name = flix;
			productName = flix;
			productReference = 6C50FE0F252104DD00FEA26E /* flix.app */;
			productType = "com.apple.product-type.application";
		};
		6C50FE24252104DF00FEA26E /* flixTests */ = {
			isa = PBXNativeTarget;
			buildConfigurationList = 6C50FE3C252104DF00FEA26E /* Build configuration list for PBXNativeTarget "flixTests" */;
			buildPhases = (
				6C50FE21252104DF00FEA26E /* Sources */,
				6C50FE22252104DF00FEA26E /* Frameworks */,
				6C50FE23252104DF00FEA26E /* Resources */,
			);
			buildRules = (
			);
			dependencies = (
				6C50FE27252104DF00FEA26E /* PBXTargetDependency */,
			);
			name = flixTests;
			productName = flixTests;
			productReference = 6C50FE25252104DF00FEA26E /* flixTests.xctest */;
			productType = "com.apple.product-type.bundle.unit-test";
		};
		6C50FE2F252104DF00FEA26E /* flixUITests */ = {
			isa = PBXNativeTarget;
			buildConfigurationList = 6C50FE3F252104DF00FEA26E /* Build configuration list for PBXNativeTarget "flixUITests" */;
			buildPhases = (
				6C50FE2C252104DF00FEA26E /* Sources */,
				6C50FE2D252104DF00FEA26E /* Frameworks */,
				6C50FE2E252104DF00FEA26E /* Resources */,
			);
			buildRules = (
			);
			dependencies = (
				6C50FE32252104DF00FEA26E /* PBXTargetDependency */,
			);
			name = flixUITests;
			productName = flixUITests;
			productReference = 6C50FE30252104DF00FEA26E /* flixUITests.xctest */;
			productType = "com.apple.product-type.bundle.ui-testing";
		};
/* End PBXNativeTarget section */

/* Begin PBXProject section */
		6C50FE07252104DD00FEA26E /* Project object */ = {
			isa = PBXProject;
			attributes = {
				LastSwiftUpdateCheck = 1170;
				LastUpgradeCheck = 1170;
				ORGANIZATIONNAME = senanhaq;
				TargetAttributes = {
					6C50FE0E252104DD00FEA26E = {
						CreatedOnToolsVersion = 11.7;
					};
					6C50FE24252104DF00FEA26E = {
						CreatedOnToolsVersion = 11.7;
						TestTargetID = 6C50FE0E252104DD00FEA26E;
					};
					6C50FE2F252104DF00FEA26E = {
						CreatedOnToolsVersion = 11.7;
						TestTargetID = 6C50FE0E252104DD00FEA26E;
					};
				};
			};
			buildConfigurationList = 6C50FE0A252104DD00FEA26E /* Build configuration list for PBXProject "flix" */;
			compatibilityVersion = "Xcode 9.3";
			developmentRegion = en;
			hasScannedForEncodings = 0;
			knownRegions = (
				en,
				Base,
			);
			mainGroup = 6C50FE06252104DD00FEA26E;
			productRefGroup = 6C50FE10252104DD00FEA26E /* Products */;
			projectDirPath = "";
			projectRoot = "";
			targets = (
				6C50FE0E252104DD00FEA26E /* flix */,
				6C50FE24252104DF00FEA26E /* flixTests */,
				6C50FE2F252104DF00FEA26E /* flixUITests */,
			);
		};
/* End PBXProject section */

/* Begin PBXResourcesBuildPhase section */
		6C50FE0D252104DD00FEA26E /* Resources */ = {
			isa = PBXResourcesBuildPhase;
			buildActionMask = 2147483647;
			files = (
				6C50FE1F252104DF00FEA26E /* LaunchScreen.storyboard in Resources */,
				6C50FE1C252104DF00FEA26E /* Assets.xcassets in Resources */,
				6C50FE1A252104DD00FEA26E /* Main.storyboard in Resources */,
			);
			runOnlyForDeploymentPostprocessing = 0;
		};
		6C50FE23252104DF00FEA26E /* Resources */ = {
			isa = PBXResourcesBuildPhase;
			buildActionMask = 2147483647;
			files = (
			);
			runOnlyForDeploymentPostprocessing = 0;
		};
		6C50FE2E252104DF00FEA26E /* Resources */ = {
			isa = PBXResourcesBuildPhase;
			buildActionMask = 2147483647;
			files = (
			);
			runOnlyForDeploymentPostprocessing = 0;
		};
/* End PBXResourcesBuildPhase section */

/* Begin PBXSourcesBuildPhase section */
		6C50FE0B252104DD00FEA26E /* Sources */ = {
			isa = PBXSourcesBuildPhase;
			buildActionMask = 2147483647;
			files = (
				6C50FE17252104DD00FEA26E /* ViewController.swift in Sources */,
				6C50FE13252104DD00FEA26E /* AppDelegate.swift in Sources */,
				6C50FE15252104DD00FEA26E /* SceneDelegate.swift in Sources */,
			);
			runOnlyForDeploymentPostprocessing = 0;
		};
		6C50FE21252104DF00FEA26E /* Sources */ = {
			isa = PBXSourcesBuildPhase;
			buildActionMask = 2147483647;
			files = (
				6C50FE2A252104DF00FEA26E /* flixTests.swift in Sources */,
			);
			runOnlyForDeploymentPostprocessing = 0;
		};
		6C50FE2C252104DF00FEA26E /* Sources */ = {
			isa = PBXSourcesBuildPhase;
			buildActionMask = 2147483647;
			files = (
				6C50FE35252104DF00FEA26E /* flixUITests.swift in Sources */,
			);
			runOnlyForDeploymentPostprocessing = 0;
		};
/* End PBXSourcesBuildPhase section */

/* Begin PBXTargetDependency section */
		6C50FE27252104DF00FEA26E /* PBXTargetDependency */ = {
			isa = PBXTargetDependency;
			target = 6C50FE0E252104DD00FEA26E /* flix */;
			targetProxy = 6C50FE26252104DF00FEA26E /* PBXContainerItemProxy */;
		};
		6C50FE32252104DF00FEA26E /* PBXTargetDependency */ = {
			isa = PBXTargetDependency;
			target = 6C50FE0E252104DD00FEA26E /* flix */;
			targetProxy = 6C50FE31252104DF00FEA26E /* PBXContainerItemProxy */;
		};
/* End PBXTargetDependency section */

/* Begin PBXVariantGroup section */
		6C50FE18252104DD00FEA26E /* Main.storyboard */ = {
			isa = PBXVariantGroup;
			children = (
				6C50FE19252104DD00FEA26E /* Base */,
			);
			name = Main.storyboard;
			sourceTree = "<group>";
		};
		6C50FE1D252104DF00FEA26E /* LaunchScreen.storyboard */ = {
			isa = PBXVariantGroup;
			children = (
				6C50FE1E252104DF00FEA26E /* Base */,
			);
			name = LaunchScreen.storyboard;
			sourceTree = "<group>";
		};
/* End PBXVariantGroup section */

/* Begin XCBuildConfiguration section */
		6C50FE37252104DF00FEA26E /* Debug */ = {
			isa = XCBuildConfiguration;
			buildSettings = {
				ALWAYS_SEARCH_USER_PATHS = NO;
				CLANG_ANALYZER_NONNULL = YES;
				CLANG_ANALYZER_NUMBER_OBJECT_CONVERSION = YES_AGGRESSIVE;
				CLANG_CXX_LANGUAGE_STANDARD = "gnu++14";
				CLANG_CXX_LIBRARY = "libc++";
				CLANG_ENABLE_MODULES = YES;
				CLANG_ENABLE_OBJC_ARC = YES;
				CLANG_ENABLE_OBJC_WEAK = YES;
				CLANG_WARN_BLOCK_CAPTURE_AUTORELEASING = YES;
				CLANG_WARN_BOOL_CONVERSION = YES;
				CLANG_WARN_COMMA = YES;
				CLANG_WARN_CONSTANT_CONVERSION = YES;
				CLANG_WARN_DEPRECATED_OBJC_IMPLEMENTATIONS = YES;
				CLANG_WARN_DIRECT_OBJC_ISA_USAGE = YES_ERROR;
				CLANG_WARN_DOCUMENTATION_COMMENTS = YES;
				CLANG_WARN_EMPTY_BODY = YES;
				CLANG_WARN_ENUM_CONVERSION = YES;
				CLANG_WARN_INFINITE_RECURSION = YES;
				CLANG_WARN_INT_CONVERSION = YES;
				CLANG_WARN_NON_LITERAL_NULL_CONVERSION = YES;
				CLANG_WARN_OBJC_IMPLICIT_RETAIN_SELF = YES;
				CLANG_WARN_OBJC_LITERAL_CONVERSION = YES;
				CLANG_WARN_OBJC_ROOT_CLASS = YES_ERROR;
				CLANG_WARN_RANGE_LOOP_ANALYSIS = YES;
				CLANG_WARN_STRICT_PROTOTYPES = YES;
				CLANG_WARN_SUSPICIOUS_MOVE = YES;
				CLANG_WARN_UNGUARDED_AVAILABILITY = YES_AGGRESSIVE;
				CLANG_WARN_UNREACHABLE_CODE = YES;
				CLANG_WARN__DUPLICATE_METHOD_MATCH = YES;
				COPY_PHASE_STRIP = NO;
				DEBUG_INFORMATION_FORMAT = dwarf;
				ENABLE_STRICT_OBJC_MSGSEND = YES;
				ENABLE_TESTABILITY = YES;
				GCC_C_LANGUAGE_STANDARD = gnu11;
				GCC_DYNAMIC_NO_PIC = NO;
				GCC_NO_COMMON_BLOCKS = YES;
				GCC_OPTIMIZATION_LEVEL = 0;
				GCC_PREPROCESSOR_DEFINITIONS = (
					"DEBUG=1",
					"$(inherited)",
				);
				GCC_WARN_64_TO_32_BIT_CONVERSION = YES;
				GCC_WARN_ABOUT_RETURN_TYPE = YES_ERROR;
				GCC_WARN_UNDECLARED_SELECTOR = YES;
				GCC_WARN_UNINITIALIZED_AUTOS = YES_AGGRESSIVE;
				GCC_WARN_UNUSED_FUNCTION = YES;
				GCC_WARN_UNUSED_VARIABLE = YES;
				IPHONEOS_DEPLOYMENT_TARGET = 13.7;
				MTL_ENABLE_DEBUG_INFO = INCLUDE_SOURCE;
				MTL_FAST_MATH = YES;
				ONLY_ACTIVE_ARCH = YES;
				SDKROOT = iphoneos;
				SWIFT_ACTIVE_COMPILATION_CONDITIONS = DEBUG;
				SWIFT_OPTIMIZATION_LEVEL = "-Onone";
			};
			name = Debug;
		};
		6C50FE38252104DF00FEA26E /* Release */ = {
			isa = XCBuildConfiguration;
			buildSettings = {
				ALWAYS_SEARCH_USER_PATHS = NO;
				CLANG_ANALYZER_NONNULL = YES;
				CLANG_ANALYZER_NUMBER_OBJECT_CONVERSION = YES_AGGRESSIVE;
				CLANG_CXX_LANGUAGE_STANDARD = "gnu++14";
				CLANG_CXX_LIBRARY = "libc++";
				CLANG_ENABLE_MODULES = YES;
				CLANG_ENABLE_OBJC_ARC = YES;
				CLANG_ENABLE_OBJC_WEAK = YES;
				CLANG_WARN_BLOCK_CAPTURE_AUTORELEASING = YES;
				CLANG_WARN_BOOL_CONVERSION = YES;
				CLANG_WARN_COMMA = YES;
				CLANG_WARN_CONSTANT_CONVERSION = YES;
				CLANG_WARN_DEPRECATED_OBJC_IMPLEMENTATIONS = YES;
				CLANG_WARN_DIRECT_OBJC_ISA_USAGE = YES_ERROR;
				CLANG_WARN_DOCUMENTATION_COMMENTS = YES;
				CLANG_WARN_EMPTY_BODY = YES;
				CLANG_WARN_ENUM_CONVERSION = YES;
				CLANG_WARN_INFINITE_RECURSION = YES;
				CLANG_WARN_INT_CONVERSION = YES;
				CLANG_WARN_NON_LITERAL_NULL_CONVERSION = YES;
				CLANG_WARN_OBJC_IMPLICIT_RETAIN_SELF = YES;
				CLANG_WARN_OBJC_LITERAL_CONVERSION = YES;
				CLANG_WARN_OBJC_ROOT_CLASS = YES_ERROR;
				CLANG_WARN_RANGE_LOOP_ANALYSIS = YES;
				CLANG_WARN_STRICT_PROTOTYPES = YES;
				CLANG_WARN_SUSPICIOUS_MOVE = YES;
				CLANG_WARN_UNGUARDED_AVAILABILITY = YES_AGGRESSIVE;
				CLANG_WARN_UNREACHABLE_CODE = YES;
				CLANG_WARN__DUPLICATE_METHOD_MATCH = YES;
				COPY_PHASE_STRIP = NO;
				DEBUG_INFORMATION_FORMAT = "dwarf-with-dsym";
				ENABLE_NS_ASSERTIONS = NO;
				ENABLE_STRICT_OBJC_MSGSEND = YES;
				GCC_C_LANGUAGE_STANDARD = gnu11;
				GCC_NO_COMMON_BLOCKS = YES;
				GCC_WARN_64_TO_32_BIT_CONVERSION = YES;
				GCC_WARN_ABOUT_RETURN_TYPE = YES_ERROR;
				GCC_WARN_UNDECLARED_SELECTOR = YES;
				GCC_WARN_UNINITIALIZED_AUTOS = YES_AGGRESSIVE;
				GCC_WARN_UNUSED_FUNCTION = YES;
				GCC_WARN_UNUSED_VARIABLE = YES;
				IPHONEOS_DEPLOYMENT_TARGET = 13.7;
				MTL_ENABLE_DEBUG_INFO = NO;
				MTL_FAST_MATH = YES;
				SDKROOT = iphoneos;
				SWIFT_COMPILATION_MODE = wholemodule;
				SWIFT_OPTIMIZATION_LEVEL = "-O";
				VALIDATE_PRODUCT = YES;
			};
			name = Release;
		};
		6C50FE3A252104DF00FEA26E /* Debug */ = {
			isa = XCBuildConfiguration;
			buildSettings = {
				ASSETCATALOG_COMPILER_APPICON_NAME = AppIcon;
				CODE_SIGN_STYLE = Automatic;
				INFOPLIST_FILE = flix/Info.plist;
				LD_RUNPATH_SEARCH_PATHS = (
					"$(inherited)",
					"@executable_path/Frameworks",
				);
				PRODUCT_BUNDLE_IDENTIFIER = senanhaq.flix;
				PRODUCT_NAME = "$(TARGET_NAME)";
				SWIFT_VERSION = 5.0;
				TARGETED_DEVICE_FAMILY = "1,2";
			};
			name = Debug;
		};
		6C50FE3B252104DF00FEA26E /* Release */ = {
			isa = XCBuildConfiguration;
			buildSettings = {
				ASSETCATALOG_COMPILER_APPICON_NAME = AppIcon;
				CODE_SIGN_STYLE = Automatic;
				INFOPLIST_FILE = flix/Info.plist;
				LD_RUNPATH_SEARCH_PATHS = (
					"$(inherited)",
					"@executable_path/Frameworks",
				);
				PRODUCT_BUNDLE_IDENTIFIER = senanhaq.flix;
				PRODUCT_NAME = "$(TARGET_NAME)";
				SWIFT_VERSION = 5.0;
				TARGETED_DEVICE_FAMILY = "1,2";
			};
			name = Release;
		};
		6C50FE3D252104DF00FEA26E /* Debug */ = {
			isa = XCBuildConfiguration;
			buildSettings = {
				ALWAYS_EMBED_SWIFT_STANDARD_LIBRARIES = YES;
				BUNDLE_LOADER = "$(TEST_HOST)";
				CODE_SIGN_STYLE = Automatic;
				INFOPLIST_FILE = flixTests/Info.plist;
				IPHONEOS_DEPLOYMENT_TARGET = 13.7;
				LD_RUNPATH_SEARCH_PATHS = (
					"$(inherited)",
					"@executable_path/Frameworks",
					"@loader_path/Frameworks",
				);
				PRODUCT_BUNDLE_IDENTIFIER = senanhaq.flixTests;
				PRODUCT_NAME = "$(TARGET_NAME)";
				SWIFT_VERSION = 5.0;
				TARGETED_DEVICE_FAMILY = "1,2";
				TEST_HOST = "$(BUILT_PRODUCTS_DIR)/flix.app/flix";
			};
			name = Debug;
		};
		6C50FE3E252104DF00FEA26E /* Release */ = {
			isa = XCBuildConfiguration;
			buildSettings = {
				ALWAYS_EMBED_SWIFT_STANDARD_LIBRARIES = YES;
				BUNDLE_LOADER = "$(TEST_HOST)";
				CODE_SIGN_STYLE = Automatic;
				INFOPLIST_FILE = flixTests/Info.plist;
				IPHONEOS_DEPLOYMENT_TARGET = 13.7;
				LD_RUNPATH_SEARCH_PATHS = (
					"$(inherited)",
					"@executable_path/Frameworks",
					"@loader_path/Frameworks",
				);
				PRODUCT_BUNDLE_IDENTIFIER = senanhaq.flixTests;
				PRODUCT_NAME = "$(TARGET_NAME)";
				SWIFT_VERSION = 5.0;
				TARGETED_DEVICE_FAMILY = "1,2";
				TEST_HOST = "$(BUILT_PRODUCTS_DIR)/flix.app/flix";
			};
			name = Release;
		};
		6C50FE40252104DF00FEA26E /* Debug */ = {
			isa = XCBuildConfiguration;
			buildSettings = {
				ALWAYS_EMBED_SWIFT_STANDARD_LIBRARIES = YES;
				CODE_SIGN_STYLE = Automatic;
				INFOPLIST_FILE = flixUITests/Info.plist;
				LD_RUNPATH_SEARCH_PATHS = (
					"$(inherited)",
					"@executable_path/Frameworks",
					"@loader_path/Frameworks",
				);
				PRODUCT_BUNDLE_IDENTIFIER = senanhaq.flixUITests;
				PRODUCT_NAME = "$(TARGET_NAME)";
				SWIFT_VERSION = 5.0;
				TARGETED_DEVICE_FAMILY = "1,2";
				TEST_TARGET_NAME = flix;
			};
			name = Debug;
		};
		6C50FE41252104DF00FEA26E /* Release */ = {
			isa = XCBuildConfiguration;
			buildSettings = {
				ALWAYS_EMBED_SWIFT_STANDARD_LIBRARIES = YES;
				CODE_SIGN_STYLE = Automatic;
				INFOPLIST_FILE = flixUITests/Info.plist;
				LD_RUNPATH_SEARCH_PATHS = (
					"$(inherited)",
					"@executable_path/Frameworks",
					"@loader_path/Frameworks",
				);
				PRODUCT_BUNDLE_IDENTIFIER = senanhaq.flixUITests;
				PRODUCT_NAME = "$(TARGET_NAME)";
				SWIFT_VERSION = 5.0;
				TARGETED_DEVICE_FAMILY = "1,2";
				TEST_TARGET_NAME = flix;
			};
			name = Release;
		};
/* End XCBuildConfiguration section */

/* Begin XCConfigurationList section */
		6C50FE0A252104DD00FEA26E /* Build configuration list for PBXProject "flix" */ = {
			isa = XCConfigurationList;
			buildConfigurations = (
				6C50FE37252104DF00FEA26E /* Debug */,
				6C50FE38252104DF00FEA26E /* Release */,
			);
			defaultConfigurationIsVisible = 0;
			defaultConfigurationName = Release;
		};
		6C50FE39252104DF00FEA26E /* Build configuration list for PBXNativeTarget "flix" */ = {
			isa = XCConfigurationList;
			buildConfigurations = (
				6C50FE3A252104DF00FEA26E /* Debug */,
				6C50FE3B252104DF00FEA26E /* Release */,
			);
			defaultConfigurationIsVisible = 0;
			defaultConfigurationName = Release;
		};
		6C50FE3C252104DF00FEA26E /* Build configuration list for PBXNativeTarget "flixTests" */ = {
			isa = XCConfigurationList;
			buildConfigurations = (
				6C50FE3D252104DF00FEA26E /* Debug */,
				6C50FE3E252104DF00FEA26E /* Release */,
			);
			defaultConfigurationIsVisible = 0;
			defaultConfigurationName = Release;
		};
		6C50FE3F252104DF00FEA26E /* Build configuration list for PBXNativeTarget "flixUITests" */ = {
			isa = XCConfigurationList;
			buildConfigurations = (
				6C50FE40252104DF00FEA26E /* Debug */,
				6C50FE41252104DF00FEA26E /* Release */,
			);
			defaultConfigurationIsVisible = 0;
			defaultConfigurationName = Release;
		};
/* End XCConfigurationList section */
	};
	rootObject = 6C50FE07252104DD00FEA26E /* Project object */;
}
